{
    "_meta": {
        "hash": {
            "sha256": "a23fe10c92cdc2f37155b3a6acbd9531c9b0fd2973c591ad137d1f0d4045ca4f"
        },
        "pipfile-spec": 6,
        "requires": {
            "python_version": "3.11"
        },
        "sources": [
            {
                "name": "pypi",
                "url": "https://pypi.org/simple",
                "verify_ssl": true
            }
        ]
    },
    "default": {
        "colorama": {
            "hashes": [
                "sha256:08695f5cb7ed6e0531a20572697297273c47b8cae5a63ffc6d6ed5c201be6e44",
                "sha256:4f1d9991f5acc0ca119f9d443620b77f9d6b33703e51011c16baf57afb285fc6"
            ],
            "index": "pypi",
            "version": "==0.4.6"
        },
        "termcolor": {
            "hashes": [
                "sha256:9297c0df9c99445c2412e832e882a7884038a25617c60cea2ad69488d4040d63",
                "sha256:aab9e56047c8ac41ed798fa36d892a37aca6b3e9159f3e0c24bc64a9b3ac7b7a"
            ],
            "index": "pypi",
            "version": "==2.4.0"
        }
    },
    "develop": {}
}
